
Microsoft Visual Studio Solution File, Format Version 12.00
# Visual Studio Version 17
VisualStudioVersion = 17.6.33829.357
MinimumVisualStudioVersion = 10.0.40219.1
Project("{FAE04EC0-301F-11D3-BF4B-00C04F79EFBC}") = "DESIGN Pattern 5", "DESIGN Pattern 5.csproj", "{C1A0A018-E9AA-4C53-9F60-F90D4E3799BA}"
EndProject
Global
	GlobalSection(SolutionConfigurationPlatforms) = preSolution
		Debug|Any CPU = Debug|Any CPU
		Release|Any CPU = Release|Any CPU
	EndGlobalSection
	GlobalSection(ProjectConfigurationPlatforms) = postSolution
		{C1A0A018-E9AA-4C53-9F60-F90D4E3799BA}.Debug|Any CPU.ActiveCfg = Debug|Any CPU
		{C1A0A018-E9AA-4C53-9F60-F90D4E3799BA}.Debug|Any CPU.Build.0 = Debug|Any CPU
		{C1A0A018-E9AA-4C53-9F60-F90D4E3799BA}.Release|Any CPU.ActiveCfg = Release|Any CPU
		{C1A0A018-E9AA-4C53-9F60-F90D4E3799BA}.Release|Any CPU.Build.0 = Release|Any CPU
	EndGlobalSection
	GlobalSection(SolutionProperties) = preSolution
		HideSolutionNode = FALSE
	EndGlobalSection
	GlobalSection(ExtensibilityGlobals) = postSolution
		SolutionGuid = {34004285-8008-42D8-95DD-13F313878FF5}
	EndGlobalSection
EndGlobal
