
Microsoft Visual Studio Solution File, Format Version 12.00
# Visual Studio Version 17
VisualStudioVersion = 17.6.33723.286
MinimumVisualStudioVersion = 10.0.40219.1
Project("{FAE04EC0-301F-11D3-BF4B-00C04F79EFBC}") = "MyTodo", "MyTodo\MyTodo.csproj", "{21008769-6B2C-4155-B635-8045BA804AEE}"
EndProject
Global
	GlobalSection(SolutionConfigurationPlatforms) = preSolution
		Debug|Any CPU = Debug|Any CPU
		Release|Any CPU = Release|Any CPU
	EndGlobalSection
	GlobalSection(ProjectConfigurationPlatforms) = postSolution
		{21008769-6B2C-4155-B635-8045BA804AEE}.Debug|Any CPU.ActiveCfg = Debug|Any CPU
		{21008769-6B2C-4155-B635-8045BA804AEE}.Debug|Any CPU.Build.0 = Debug|Any CPU
		{21008769-6B2C-4155-B635-8045BA804AEE}.Release|Any CPU.ActiveCfg = Release|Any CPU
		{21008769-6B2C-4155-B635-8045BA804AEE}.Release|Any CPU.Build.0 = Release|Any CPU
	EndGlobalSection
	GlobalSection(SolutionProperties) = preSolution
		HideSolutionNode = FALSE
	EndGlobalSection
	GlobalSection(ExtensibilityGlobals) = postSolution
		SolutionGuid = {4D998137-4430-416E-9495-F1B5EB348260}
	EndGlobalSection
EndGlobal
