
Microsoft Visual Studio Solution File, Format Version 12.00
# Visual Studio Version 17
VisualStudioVersion = 17.6.33723.286
MinimumVisualStudioVersion = 10.0.40219.1
Project("{FAE04EC0-301F-11D3-BF4B-00C04F79EFBC}") = "Decision Making & Repeat Operation", "Decision Making & Repeat Operation\Decision Making & Repeat Operation.csproj", "{8BC67699-59BE-43A4-B67A-BCE57BDD7266}"
EndProject
Global
	GlobalSection(SolutionConfigurationPlatforms) = preSolution
		Debug|Any CPU = Debug|Any CPU
		Release|Any CPU = Release|Any CPU
	EndGlobalSection
	GlobalSection(ProjectConfigurationPlatforms) = postSolution
		{8BC67699-59BE-43A4-B67A-BCE57BDD7266}.Debug|Any CPU.ActiveCfg = Debug|Any CPU
		{8BC67699-59BE-43A4-B67A-BCE57BDD7266}.Debug|Any CPU.Build.0 = Debug|Any CPU
		{8BC67699-59BE-43A4-B67A-BCE57BDD7266}.Release|Any CPU.ActiveCfg = Release|Any CPU
		{8BC67699-59BE-43A4-B67A-BCE57BDD7266}.Release|Any CPU.Build.0 = Release|Any CPU
	EndGlobalSection
	GlobalSection(SolutionProperties) = preSolution
		HideSolutionNode = FALSE
	EndGlobalSection
	GlobalSection(ExtensibilityGlobals) = postSolution
		SolutionGuid = {5C5949C0-8BAF-4FDE-B6C7-08A9E40675CD}
	EndGlobalSection
EndGlobal
