
Microsoft Visual Studio Solution File, Format Version 12.00
# Visual Studio Version 17
VisualStudioVersion = 17.6.33723.286
MinimumVisualStudioVersion = 10.0.40219.1
Project("{FAE04EC0-301F-11D3-BF4B-00C04F79EFBC}") = "WPF", "WPF\WPF.csproj", "{F70CC51A-726B-49A4-B607-DE592AA237EB}"
EndProject
Global
	GlobalSection(SolutionConfigurationPlatforms) = preSolution
		Debug|Any CPU = Debug|Any CPU
		Release|Any CPU = Release|Any CPU
	EndGlobalSection
	GlobalSection(ProjectConfigurationPlatforms) = postSolution
		{F70CC51A-726B-49A4-B607-DE592AA237EB}.Debug|Any CPU.ActiveCfg = Debug|Any CPU
		{F70CC51A-726B-49A4-B607-DE592AA237EB}.Debug|Any CPU.Build.0 = Debug|Any CPU
		{F70CC51A-726B-49A4-B607-DE592AA237EB}.Release|Any CPU.ActiveCfg = Release|Any CPU
		{F70CC51A-726B-49A4-B607-DE592AA237EB}.Release|Any CPU.Build.0 = Release|Any CPU
	EndGlobalSection
	GlobalSection(SolutionProperties) = preSolution
		HideSolutionNode = FALSE
	EndGlobalSection
	GlobalSection(ExtensibilityGlobals) = postSolution
		SolutionGuid = {38D21D39-B90F-40A1-BB78-A7B644826A25}
	EndGlobalSection
EndGlobal
